
Microsoft Visual Studio Solution File, Format Version 12.00
# Visual Studio Version 16
VisualStudioVersion = 16.0.30413.136
MinimumVisualStudioVersion = 10.0.40219.1
Project("{9A19103F-16F7-4668-BE54-9A1E7A4F7556}") = "VideoGameAPI", "VideoGameAPI.csproj", "{57B39107-181A-482D-A707-71B877958A3B}"
EndProject
Global
	GlobalSection(SolutionConfigurationPlatforms) = preSolution
		Debug|Any CPU = Debug|Any CPU
		Release|Any CPU = Release|Any CPU
	EndGlobalSection
	GlobalSection(ProjectConfigurationPlatforms) = postSolution
		{57B39107-181A-482D-A707-71B877958A3B}.Debug|Any CPU.ActiveCfg = Debug|Any CPU
		{57B39107-181A-482D-A707-71B877958A3B}.Debug|Any CPU.Build.0 = Debug|Any CPU
		{57B39107-181A-482D-A707-71B877958A3B}.Release|Any CPU.ActiveCfg = Release|Any CPU
		{57B39107-181A-482D-A707-71B877958A3B}.Release|Any CPU.Build.0 = Release|Any CPU
	EndGlobalSection
	GlobalSection(SolutionProperties) = preSolution
		HideSolutionNode = FALSE
	EndGlobalSection
	GlobalSection(ExtensibilityGlobals) = postSolution
		SolutionGuid = {766C7D28-1A6E-4632-8597-2C2ABCEDEB74}
	EndGlobalSection
EndGlobal
